
Microsoft Visual Studio Solution File, Format Version 12.00
# Visual Studio Version 16
VisualStudioVersion = 16.0.29806.167
MinimumVisualStudioVersion = 10.0.40219.1
Project("{8BC9CEB8-8B4A-11D0-8D11-00A0C91BC942}") = "magazin_animale_v_4", "magazin_animale_v_4.vcxproj", "{2AACD5D8-9DD0-4B4F-A3A0-0B9494FCDF04}"
EndProject
Global
	GlobalSection(SolutionConfigurationPlatforms) = preSolution
		Debug|x64 = Debug|x64
		Debug|x86 = Debug|x86
		Release|x64 = Release|x64
		Release|x86 = Release|x86
	EndGlobalSection
	GlobalSection(ProjectConfigurationPlatforms) = postSolution
		{2AACD5D8-9DD0-4B4F-A3A0-0B9494FCDF04}.Debug|x64.ActiveCfg = Debug|x64
		{2AACD5D8-9DD0-4B4F-A3A0-0B9494FCDF04}.Debug|x64.Build.0 = Debug|x64
		{2AACD5D8-9DD0-4B4F-A3A0-0B9494FCDF04}.Debug|x86.ActiveCfg = Debug|Win32
		{2AACD5D8-9DD0-4B4F-A3A0-0B9494FCDF04}.Debug|x86.Build.0 = Debug|Win32
		{2AACD5D8-9DD0-4B4F-A3A0-0B9494FCDF04}.Release|x64.ActiveCfg = Release|x64
		{2AACD5D8-9DD0-4B4F-A3A0-0B9494FCDF04}.Release|x64.Build.0 = Release|x64
		{2AACD5D8-9DD0-4B4F-A3A0-0B9494FCDF04}.Release|x86.ActiveCfg = Release|Win32
		{2AACD5D8-9DD0-4B4F-A3A0-0B9494FCDF04}.Release|x86.Build.0 = Release|Win32
	EndGlobalSection
	GlobalSection(SolutionProperties) = preSolution
		HideSolutionNode = FALSE
	EndGlobalSection
	GlobalSection(ExtensibilityGlobals) = postSolution
		SolutionGuid = {06488AB1-8197-4F17-9917-31C2AEF90BF9}
	EndGlobalSection
EndGlobal
